
Microsoft Visual Studio Solution File, Format Version 12.00
# Visual Studio Version 17
VisualStudioVersion = 17.14.36202.13 d17.14
MinimumVisualStudioVersion = 10.0.40219.1
Project("{FAE04EC0-301F-11D3-BF4B-00C04F79EFBC}") = "Kursach", "Kursach\Kursach.csproj", "{17B354A3-6D54-4B68-887A-DFDEA362654E}"
EndProject
Global
	GlobalSection(SolutionConfigurationPlatforms) = preSolution
		Debug|Any CPU = Debug|Any CPU
		Release|Any CPU = Release|Any CPU
	EndGlobalSection
	GlobalSection(ProjectConfigurationPlatforms) = postSolution
		{17B354A3-6D54-4B68-887A-DFDEA362654E}.Debug|Any CPU.ActiveCfg = Debug|Any CPU
		{17B354A3-6D54-4B68-887A-DFDEA362654E}.Debug|Any CPU.Build.0 = Debug|Any CPU
		{17B354A3-6D54-4B68-887A-DFDEA362654E}.Release|Any CPU.ActiveCfg = Release|Any CPU
		{17B354A3-6D54-4B68-887A-DFDEA362654E}.Release|Any CPU.Build.0 = Release|Any CPU
	EndGlobalSection
	GlobalSection(SolutionProperties) = preSolution
		HideSolutionNode = FALSE
	EndGlobalSection
	GlobalSection(ExtensibilityGlobals) = postSolution
		SolutionGuid = {94408050-6CBE-4904-BBD4-EB0C18F4563D}
	EndGlobalSection
EndGlobal
